Microsoft Visual Studio Solution File, Format Version 12.00
# Visual Studio Version 17
VisualStudioVersion = 17.13.36105.23
MinimumVisualStudioVersion = 10.0.40219.1
Project("{FAE04EC0-301F-11D3-BF4B-00C04F79EFBC}") = "ReactLearnLabs.Api", "ReactLearnLabs.Api\ReactLearnLabs.Api.csproj", "{C829C6D3-3534-4ABA-BDA6-39034A4E8D24}"
EndProject
Global
	GlobalSection(SolutionConfigurationPlatforms) = preSolution
		Debug|Any CPU = Debug|Any CPU
		Release|Any CPU = Release|Any CPU
	EndGlobalSection
	GlobalSection(ProjectConfigurationPlatforms) = postSolution
		{C829C6D3-3534-4ABA-BDA6-39034A4E8D24}.Debug|Any CPU.ActiveCfg = Debug|Any CPU
		{C829C6D3-3534-4ABA-BDA6-39034A4E8D24}.Debug|Any CPU.Build.0 = Debug|Any CPU
		{C829C6D3-3534-4ABA-BDA6-39034A4E8D24}.Release|Any CPU.ActiveCfg = Release|Any CPU
		{C829C6D3-3534-4ABA-BDA6-39034A4E8D24}.Release|Any CPU.Build.0 = Release|Any CPU
	EndGlobalSection
	GlobalSection(SolutionProperties) = preSolution
		HideSolutionNode = FALSE
	EndGlobalSection
	GlobalSection(ExtensibilityGlobals) = postSolution
		SolutionGuid = {9479276F-5554-46C4-AC13-E62241EB80B9}
	EndGlobalSection
EndGlobal
